
Microsoft Visual Studio Solution File, Format Version 12.00
# Visual Studio 15
VisualStudioVersion = 15.0.26403.7
MinimumVisualStudioVersion = 10.0.40219.1
Project("{FAE04EC0-301F-11D3-BF4B-00C04F79EFBC}") = "StarTrekClassic", "StarTrekClassic\StarTrekClassic.csproj", "{8BEA5D1A-70DB-4261-BE92-0492E19C19E5}"
EndProject
Project("{FAE04EC0-301F-11D3-BF4B-00C04F79EFBC}") = "SuperStarTrek", "SuperStarTrek\SuperStarTrek.csproj", "{30C526F7-3E84-4EFC-ABCB-EFD4423AB236}"
EndProject
Project("{2150E333-8FDC-42A3-9474-1A3956D46DE8}") = "Docs", "Docs", "{D6CFDF93-C650-4BE4-BC2C-E0DE34D436B7}"
	ProjectSection(SolutionItems) = preProject
		..\..\README.md = ..\..\README.md
	EndProjectSection
EndProject
Project("{2150E333-8FDC-42A3-9474-1A3956D46DE8}") = "Modules", "Modules", "{BEB87BF5-B0ED-4918-9730-C9BD9E65B4B4}"
EndProject
Project("{2150E333-8FDC-42A3-9474-1A3956D46DE8}") = "Tests", "Tests", "{1689854F-A0AD-4A24-931E-69EF33B73513}"
EndProject
Project("{FAE04EC0-301F-11D3-BF4B-00C04F79EFBC}") = "PlayRecorder", "..\..\tests\PlayRecorder\PlayRecorder.csproj", "{8BEA5D1A-70DB-4261-BE92-0492E19C19E6}"
EndProject
Project("{2150E333-8FDC-42A3-9474-1A3956D46DE8}") = "Project reference", "Project reference", "{82484978-3497-4A4C-92EB-D47118B06BC6}"
EndProject
Project("{FAE04EC0-301F-11D3-BF4B-00C04F79EFBC}") = "StarTrekClassic.TestFramework", "..\..\tests\StarTrekClassic.TestFramework\StarTrekClassic.TestFramework.csproj", "{35572FDF-7539-40D0-8BAB-D2CEF166E495}"
EndProject
Project("{FAE04EC0-301F-11D3-BF4B-00C04F79EFBC}") = "StarTrekClassic.Tests", "..\..\tests\StarTrekClassic.Tests\StarTrekClassic.Tests.csproj", "{54A0C534-08EE-4248-B67F-576F3F44FAE4}"
EndProject
Project("{FAE04EC0-301F-11D3-BF4B-00C04F79EFBC}") = "BaconBytes.StarTrekNet.Tests", "..\..\tests\BaconBytes.StarTrekNet.Tests\BaconBytes.StarTrekNet.Tests.csproj", "{72CBD3FE-18C8-465F-ABB9-9B65C6499563}"
EndProject
Project("{FAE04EC0-301F-11D3-BF4B-00C04F79EFBC}") = "BaconBytes.StarTrekNet", "BaconBytes.StarTrekNet\BaconBytes.StarTrekNet.csproj", "{AC0A77EB-2ECD-4987-AE4D-8ED009BC7834}"
EndProject
Project("{FAE04EC0-301F-11D3-BF4B-00C04F79EFBC}") = "BaconBytes (Classic)", "..\..\modules\BaconBytes\src\BaconBytes (Classic)\BaconBytes (Classic).csproj", "{459D3546-09DD-4B54-8EF0-CCC71B267334}"
EndProject
Global
	GlobalSection(SolutionConfigurationPlatforms) = preSolution
		Debug|Any CPU = Debug|Any CPU
		Release|Any CPU = Release|Any CPU
	EndGlobalSection
	GlobalSection(ProjectConfigurationPlatforms) = postSolution
		{8BEA5D1A-70DB-4261-BE92-0492E19C19E5}.Debug|Any CPU.ActiveCfg = Debug|Any CPU
		{8BEA5D1A-70DB-4261-BE92-0492E19C19E5}.Debug|Any CPU.Build.0 = Debug|Any CPU
		{8BEA5D1A-70DB-4261-BE92-0492E19C19E5}.Release|Any CPU.ActiveCfg = Release|Any CPU
		{8BEA5D1A-70DB-4261-BE92-0492E19C19E5}.Release|Any CPU.Build.0 = Release|Any CPU
		{30C526F7-3E84-4EFC-ABCB-EFD4423AB236}.Debug|Any CPU.ActiveCfg = Debug|Any CPU
		{30C526F7-3E84-4EFC-ABCB-EFD4423AB236}.Debug|Any CPU.Build.0 = Debug|Any CPU
		{30C526F7-3E84-4EFC-ABCB-EFD4423AB236}.Release|Any CPU.ActiveCfg = Release|Any CPU
		{30C526F7-3E84-4EFC-ABCB-EFD4423AB236}.Release|Any CPU.Build.0 = Release|Any CPU
		{8BEA5D1A-70DB-4261-BE92-0492E19C19E6}.Debug|Any CPU.ActiveCfg = Debug|Any CPU
		{8BEA5D1A-70DB-4261-BE92-0492E19C19E6}.Debug|Any CPU.Build.0 = Debug|Any CPU
		{8BEA5D1A-70DB-4261-BE92-0492E19C19E6}.Release|Any CPU.ActiveCfg = Release|Any CPU
		{8BEA5D1A-70DB-4261-BE92-0492E19C19E6}.Release|Any CPU.Build.0 = Release|Any CPU
		{35572FDF-7539-40D0-8BAB-D2CEF166E495}.Debug|Any CPU.ActiveCfg = Debug|Any CPU
		{35572FDF-7539-40D0-8BAB-D2CEF166E495}.Debug|Any CPU.Build.0 = Debug|Any CPU
		{35572FDF-7539-40D0-8BAB-D2CEF166E495}.Release|Any CPU.ActiveCfg = Release|Any CPU
		{35572FDF-7539-40D0-8BAB-D2CEF166E495}.Release|Any CPU.Build.0 = Release|Any CPU
		{54A0C534-08EE-4248-B67F-576F3F44FAE4}.Debug|Any CPU.ActiveCfg = Debug|Any CPU
		{54A0C534-08EE-4248-B67F-576F3F44FAE4}.Debug|Any CPU.Build.0 = Debug|Any CPU
		{54A0C534-08EE-4248-B67F-576F3F44FAE4}.Release|Any CPU.ActiveCfg = Release|Any CPU
		{54A0C534-08EE-4248-B67F-576F3F44FAE4}.Release|Any CPU.Build.0 = Release|Any CPU
		{72CBD3FE-18C8-465F-ABB9-9B65C6499563}.Debug|Any CPU.ActiveCfg = Debug|Any CPU
		{72CBD3FE-18C8-465F-ABB9-9B65C6499563}.Debug|Any CPU.Build.0 = Debug|Any CPU
		{72CBD3FE-18C8-465F-ABB9-9B65C6499563}.Release|Any CPU.ActiveCfg = Release|Any CPU
		{72CBD3FE-18C8-465F-ABB9-9B65C6499563}.Release|Any CPU.Build.0 = Release|Any CPU
		{AC0A77EB-2ECD-4987-AE4D-8ED009BC7834}.Debug|Any CPU.ActiveCfg = Debug|Any CPU
		{AC0A77EB-2ECD-4987-AE4D-8ED009BC7834}.Debug|Any CPU.Build.0 = Debug|Any CPU
		{AC0A77EB-2ECD-4987-AE4D-8ED009BC7834}.Release|Any CPU.ActiveCfg = Release|Any CPU
		{AC0A77EB-2ECD-4987-AE4D-8ED009BC7834}.Release|Any CPU.Build.0 = Release|Any CPU
		{459D3546-09DD-4B54-8EF0-CCC71B267334}.Debug|Any CPU.ActiveCfg = Debug|Any CPU
		{459D3546-09DD-4B54-8EF0-CCC71B267334}.Debug|Any CPU.Build.0 = Debug|Any CPU
		{459D3546-09DD-4B54-8EF0-CCC71B267334}.Release|Any CPU.ActiveCfg = Release|Any CPU
		{459D3546-09DD-4B54-8EF0-CCC71B267334}.Release|Any CPU.Build.0 = Release|Any CPU
	EndGlobalSection
	GlobalSection(SolutionProperties) = preSolution
		HideSolutionNode = FALSE
	EndGlobalSection
	GlobalSection(NestedProjects) = preSolution
		{8BEA5D1A-70DB-4261-BE92-0492E19C19E6} = {1689854F-A0AD-4A24-931E-69EF33B73513}
		{35572FDF-7539-40D0-8BAB-D2CEF166E495} = {1689854F-A0AD-4A24-931E-69EF33B73513}
		{54A0C534-08EE-4248-B67F-576F3F44FAE4} = {1689854F-A0AD-4A24-931E-69EF33B73513}
		{72CBD3FE-18C8-465F-ABB9-9B65C6499563} = {1689854F-A0AD-4A24-931E-69EF33B73513}
		{459D3546-09DD-4B54-8EF0-CCC71B267334} = {BEB87BF5-B0ED-4918-9730-C9BD9E65B4B4}
	EndGlobalSection
EndGlobal
