
Microsoft Visual Studio Solution File, Format Version 12.00
# Visual Studio 15
VisualStudioVersion = 15.0.26228.10
MinimumVisualStudioVersion = 10.0.40219.1
Project("{FAE04EC0-301F-11D3-BF4B-00C04F79EFBC}") = "StarTrekClassic", "StarTrekClassic\StarTrekClassic.csproj", "{8BEA5D1A-70DB-4261-BE92-0492E19C19E5}"
EndProject
Project("{FAE04EC0-301F-11D3-BF4B-00C04F79EFBC}") = "SuperStarTrek", "SuperStarTrek\SuperStarTrek.csproj", "{30C526F7-3E84-4EFC-ABCB-EFD4423AB236}"
EndProject
Project("{2150E333-8FDC-42A3-9474-1A3956D46DE8}") = "docs", "docs", "{D6CFDF93-C650-4BE4-BC2C-E0DE34D436B7}"
	ProjectSection(SolutionItems) = preProject
		..\..\README.md = ..\..\README.md
	EndProjectSection
EndProject
Global
	GlobalSection(SolutionConfigurationPlatforms) = preSolution
		Debug|Any CPU = Debug|Any CPU
		Release|Any CPU = Release|Any CPU
	EndGlobalSection
	GlobalSection(ProjectConfigurationPlatforms) = postSolution
		{8BEA5D1A-70DB-4261-BE92-0492E19C19E5}.Debug|Any CPU.ActiveCfg = Debug|Any CPU
		{8BEA5D1A-70DB-4261-BE92-0492E19C19E5}.Debug|Any CPU.Build.0 = Debug|Any CPU
		{8BEA5D1A-70DB-4261-BE92-0492E19C19E5}.Release|Any CPU.ActiveCfg = Release|Any CPU
		{8BEA5D1A-70DB-4261-BE92-0492E19C19E5}.Release|Any CPU.Build.0 = Release|Any CPU
		{30C526F7-3E84-4EFC-ABCB-EFD4423AB236}.Debug|Any CPU.ActiveCfg = Debug|Any CPU
		{30C526F7-3E84-4EFC-ABCB-EFD4423AB236}.Debug|Any CPU.Build.0 = Debug|Any CPU
		{30C526F7-3E84-4EFC-ABCB-EFD4423AB236}.Release|Any CPU.ActiveCfg = Release|Any CPU
		{30C526F7-3E84-4EFC-ABCB-EFD4423AB236}.Release|Any CPU.Build.0 = Release|Any CPU
	EndGlobalSection
	GlobalSection(SolutionProperties) = preSolution
		HideSolutionNode = FALSE
	EndGlobalSection
EndGlobal
