
Microsoft Visual Studio Solution File, Format Version 12.00
# Visual Studio 14
VisualStudioVersion = 14.0.25420.1
MinimumVisualStudioVersion = 10.0.40219.1
Project("{FAE04EC0-301F-11D3-BF4B-00C04F79EFBC}") = "StarTrek", "StarTrek\StarTrek.csproj", "{8BEA5D1A-70DB-4261-BE92-0492E19C19E5}"
EndProject
Project("{FAE04EC0-301F-11D3-BF4B-00C04F79EFBC}") = "SuperStarTrek", "SuperStarTrek\SuperStarTrek.csproj", "{30C526F7-3E84-4EFC-ABCB-EFD4423AB236}"
EndProject
Global
	GlobalSection(SolutionConfigurationPlatforms) = preSolution
		Debug|Any CPU = Debug|Any CPU
		Release|Any CPU = Release|Any CPU
	EndGlobalSection
	GlobalSection(ProjectConfigurationPlatforms) = postSolution
		{8BEA5D1A-70DB-4261-BE92-0492E19C19E5}.Debug|Any CPU.ActiveCfg = Debug|Any CPU
		{8BEA5D1A-70DB-4261-BE92-0492E19C19E5}.Debug|Any CPU.Build.0 = Debug|Any CPU
		{8BEA5D1A-70DB-4261-BE92-0492E19C19E5}.Release|Any CPU.ActiveCfg = Release|Any CPU
		{8BEA5D1A-70DB-4261-BE92-0492E19C19E5}.Release|Any CPU.Build.0 = Release|Any CPU
		{30C526F7-3E84-4EFC-ABCB-EFD4423AB236}.Debug|Any CPU.ActiveCfg = Debug|Any CPU
		{30C526F7-3E84-4EFC-ABCB-EFD4423AB236}.Debug|Any CPU.Build.0 = Debug|Any CPU
		{30C526F7-3E84-4EFC-ABCB-EFD4423AB236}.Release|Any CPU.ActiveCfg = Release|Any CPU
		{30C526F7-3E84-4EFC-ABCB-EFD4423AB236}.Release|Any CPU.Build.0 = Release|Any CPU
	EndGlobalSection
	GlobalSection(SolutionProperties) = preSolution
		HideSolutionNode = FALSE
	EndGlobalSection
EndGlobal
